
Microsoft Visual Studio Solution File, Format Version 12.00
# Visual Studio Version 16
VisualStudioVersion = 16.0.31105.61
MinimumVisualStudioVersion = 10.0.40219.1
Project("{9A19103F-16F7-4668-BE54-9A1E7A4F7556}") = "SYSProject.Entities", "SYSProject.Entities\SYSProject.Entities.csproj", "{1CF3E82C-26A7-495D-B528-1C8D72CE42C2}"
EndProject
Project("{9A19103F-16F7-4668-BE54-9A1E7A4F7556}") = "SYSProject.Business", "SYSProject.Business\SYSProject.Business.csproj", "{0F102ABD-B1C3-432E-9B7E-A5F68DCAE61B}"
EndProject
Project("{9A19103F-16F7-4668-BE54-9A1E7A4F7556}") = "SYSProject.DataAccess", "SYSProject.DataAccess\SYSProject.DataAccess.csproj", "{22526B86-A5EB-45DE-B0A7-1A33FC678A6B}"
EndProject
Project("{9A19103F-16F7-4668-BE54-9A1E7A4F7556}") = "SYSProject.Core", "SYSProject.Core\SYSProject.Core.csproj", "{F60B0376-8517-4203-8D43-7EEDA5FF5347}"
EndProject
Project("{FAE04EC0-301F-11D3-BF4B-00C04F79EFBC}") = "SYSProject.WebAPI", "SYSProject.WebAPI\SYSProject.WebAPI.csproj", "{63FAF201-FAD1-4BC9-9033-B4D702C0D53F}"
EndProject
Global
	GlobalSection(SolutionConfigurationPlatforms) = preSolution
		Debug|Any CPU = Debug|Any CPU
		Release|Any CPU = Release|Any CPU
	EndGlobalSection
	GlobalSection(ProjectConfigurationPlatforms) = postSolution
		{1CF3E82C-26A7-495D-B528-1C8D72CE42C2}.Debug|Any CPU.ActiveCfg = Debug|Any CPU
		{1CF3E82C-26A7-495D-B528-1C8D72CE42C2}.Debug|Any CPU.Build.0 = Debug|Any CPU
		{1CF3E82C-26A7-495D-B528-1C8D72CE42C2}.Release|Any CPU.ActiveCfg = Release|Any CPU
		{1CF3E82C-26A7-495D-B528-1C8D72CE42C2}.Release|Any CPU.Build.0 = Release|Any CPU
		{0F102ABD-B1C3-432E-9B7E-A5F68DCAE61B}.Debug|Any CPU.ActiveCfg = Debug|Any CPU
		{0F102ABD-B1C3-432E-9B7E-A5F68DCAE61B}.Debug|Any CPU.Build.0 = Debug|Any CPU
		{0F102ABD-B1C3-432E-9B7E-A5F68DCAE61B}.Release|Any CPU.ActiveCfg = Release|Any CPU
		{0F102ABD-B1C3-432E-9B7E-A5F68DCAE61B}.Release|Any CPU.Build.0 = Release|Any CPU
		{22526B86-A5EB-45DE-B0A7-1A33FC678A6B}.Debug|Any CPU.ActiveCfg = Debug|Any CPU
		{22526B86-A5EB-45DE-B0A7-1A33FC678A6B}.Debug|Any CPU.Build.0 = Debug|Any CPU
		{22526B86-A5EB-45DE-B0A7-1A33FC678A6B}.Release|Any CPU.ActiveCfg = Release|Any CPU
		{22526B86-A5EB-45DE-B0A7-1A33FC678A6B}.Release|Any CPU.Build.0 = Release|Any CPU
		{F60B0376-8517-4203-8D43-7EEDA5FF5347}.Debug|Any CPU.ActiveCfg = Debug|Any CPU
		{F60B0376-8517-4203-8D43-7EEDA5FF5347}.Debug|Any CPU.Build.0 = Debug|Any CPU
		{F60B0376-8517-4203-8D43-7EEDA5FF5347}.Release|Any CPU.ActiveCfg = Release|Any CPU
		{F60B0376-8517-4203-8D43-7EEDA5FF5347}.Release|Any CPU.Build.0 = Release|Any CPU
		{63FAF201-FAD1-4BC9-9033-B4D702C0D53F}.Debug|Any CPU.ActiveCfg = Debug|Any CPU
		{63FAF201-FAD1-4BC9-9033-B4D702C0D53F}.Debug|Any CPU.Build.0 = Debug|Any CPU
		{63FAF201-FAD1-4BC9-9033-B4D702C0D53F}.Release|Any CPU.ActiveCfg = Release|Any CPU
		{63FAF201-FAD1-4BC9-9033-B4D702C0D53F}.Release|Any CPU.Build.0 = Release|Any CPU
	EndGlobalSection
	GlobalSection(SolutionProperties) = preSolution
		HideSolutionNode = FALSE
	EndGlobalSection
	GlobalSection(ExtensibilityGlobals) = postSolution
		SolutionGuid = {FE6920BB-801E-4DB6-850E-3B9D6B68934B}
	EndGlobalSection
EndGlobal
